<?xml version="1.0" encoding="utf-8"?>
<Project ToolsVersion="4.0" xmlns="http://schemas.microsoft.com/developer/msbuild/2003">
  <ItemGroup>
    <Filter Include="Файлы ресурсов">
      <UniqueIdentifier>{67DA6AB6-F800-4c08-8B7A-83BB121AAD01}</UniqueIdentifier>
      <Extensions>rc;ico;cur;bmp;dlg;rc2;rct;bin;rgs;gif;jpg;jpeg;jpe;resx;tiff;tif;png;wav;mfcribbon-ms</Extensions>
    </Filter>
    <Filter Include="RenderEngine">
      <UniqueIdentifier>{c0324d41-8a2a-44ab-a08b-a0be5ee6b087}</UniqueIdentifier>
    </Filter>
    <Filter Include="Viewport">
      <UniqueIdentifier>{c8ae8aca-596a-44c8-a1b1-643ac73144a8}</UniqueIdentifier>
    </Filter>
    <Filter Include="Scene">
      <UniqueIdentifier>{e781e062-39b9-41f3-a28d-097b123d8f92}</UniqueIdentifier>
    </Filter>
    <Filter Include="Camera">
      <UniqueIdentifier>{d3a7608a-e2ba-4722-a481-d7fad139c045}</UniqueIdentifier>
    </Filter>
    <Filter Include="Math">
      <UniqueIdentifier>{3415e094-efa2-4570-a635-77f019c2542b}</UniqueIdentifier>
    </Filter>
    <Filter Include="BRDF">
      <UniqueIdentifier>{92ae95d0-af2b-4a0e-be94-47e27faf78bd}</UniqueIdentifier>
    </Filter>
  </ItemGroup>
  <ItemGroup>
    <ClCompile Include="RenderEngine.cpp">
      <Filter>RenderEngine</Filter>
    </ClCompile>
    <ClCompile Include="Viewport.cpp">
      <Filter>Viewport</Filter>
    </ClCompile>
    <ClCompile Include="Scene.cpp">
      <Filter>Scene</Filter>
    </ClCompile>
    <ClCompile Include="Camera.cpp">
      <Filter>Camera</Filter>
    </ClCompile>
    <ClCompile Include="Math.cpp">
      <Filter>Math</Filter>
    </ClCompile>
    <ClCompile Include="Sampling.cpp">
      <Filter>RenderEngine</Filter>
    </ClCompile>
    <ClCompile Include="Sobol\qmc_sobol_niederreiter.cpp">
      <Filter>RenderEngine</Filter>
    </ClCompile>
    <ClCompile Include="Brdf.cpp">
      <Filter>BRDF</Filter>
    </ClCompile>
    <ClCompile Include="Main.cpp" />
    <ClCompile Include="FreeglutDraw.cpp">
      <Filter>Viewport</Filter>
    </ClCompile>
  </ItemGroup>
  <ItemGroup>
    <ClInclude Include="IRenderEngine.h">
      <Filter>RenderEngine</Filter>
    </ClInclude>
    <ClInclude Include="RenderEngine.h">
      <Filter>RenderEngine</Filter>
    </ClInclude>
    <ClInclude Include="Viewport.h">
      <Filter>Viewport</Filter>
    </ClInclude>
    <ClInclude Include="IView.h">
      <Filter>Viewport</Filter>
    </ClInclude>
    <ClInclude Include="Scene.h">
      <Filter>Scene</Filter>
    </ClInclude>
    <ClInclude Include="Camera.h">
      <Filter>Camera</Filter>
    </ClInclude>
    <ClInclude Include="Sobol\qmc_sobol_niederreiter.h">
      <Filter>RenderEngine</Filter>
    </ClInclude>
    <ClInclude Include="Sampling.h">
      <Filter>RenderEngine</Filter>
    </ClInclude>
    <ClInclude Include="Brdf.h">
      <Filter>BRDF</Filter>
    </ClInclude>
    <ClInclude Include="Math.h">
      <Filter>Math</Filter>
    </ClInclude>
    <ClInclude Include="FreeglutDraw.h">
      <Filter>Viewport</Filter>
    </ClInclude>
  </ItemGroup>
</Project>